# 버전 완전 고정 — 당일 설치 충돌 방지
# 이 조합은 실제로 검증된 버전입니다. pip install -r requirements.lock
#
# 주의: 대회 서버의 파이썬/CUDA 버전에 따라 일부 조정이 필요할 수 있습니다.
#       특히 torch/timm은 서버 CUDA에 맞춰 별도 설치하세요.

# 코어
numpy==2.4.4
pandas==3.0.2
scipy==1.17.1
scikit-learn==1.8.0
joblib==1.5.3
threadpoolctl==3.6.0

# 부스팅 3종
lightgbm==4.6.0
xgboost==3.2.0
catboost==1.2.10

# 튜닝
optuna==4.9.0

# 시각화 / 노트북
matplotlib==3.10.8
pyyaml==6.0.3

# 음향
librosa==0.11.0
soundfile==0.14.0

# ── GPU 딥러닝 (비전/음향) — 서버 CUDA에 맞춰 설치 ──
# torch (CUDA 버전 맞춰 공식 사이트에서)
# timm==1.0.x
# transformers==4.4x.x   # AST 등 음향 특화 모델
